{
    "version": 3,
    "terraform_version": "0.11.14",
    "serial": 8,
    "lineage": "c99da05b-da12-d083-e826-e4f772e6458b",
    "modules": [
        {
            "path": [
                "root"
            ],
            "outputs": {
                "filename": {
                    "sensitive": false,
                    "type": "string",
                    "value": "/media/nta/124GB/AWS/test_terraform/monfic.txt"
                }
            },
            "resources": {
                "aws_internet_gateway.igw": {
                    "type": "aws_internet_gateway",
                    "depends_on": [
                        "aws_vpc.lab_nta"
                    ],
                    "primary": {
                        "id": "igw-0d766ee2933de712b",
                        "attributes": {
                            "id": "igw-0d766ee2933de712b",
                            "tags.%": "1",
                            "tags.Name": "igw",
                            "vpc_id": "vpc-09a32a42e019560f1"
                        },
                        "meta": {},
                        "tainted": false
                    },
                    "deposed": [],
                    "provider": "provider.aws"
                },
                "aws_main_route_table_association.pub_sbnt1_rt_igw_assoc": {
                    "type": "aws_main_route_table_association",
                    "depends_on": [
                        "aws_route_table.pub_sbnt1_rt",
                        "aws_vpc.lab_nta"
                    ],
                    "primary": {
                        "id": "rtbassoc-0b6f1a292141b5501",
                        "attributes": {
                            "id": "rtbassoc-0b6f1a292141b5501",
                            "original_route_table_id": "rtb-0c7f399361bb26f3e",
                            "route_table_id": "rtb-0f9241f00152929dd",
                            "vpc_id": "vpc-09a32a42e019560f1"
                        },
                        "meta": {},
                        "tainted": false
                    },
                    "deposed": [],
                    "provider": "provider.aws"
                },
                "aws_route_table.pub_sbnt1_rt": {
                    "type": "aws_route_table",
                    "depends_on": [
                        "aws_vpc.lab_nta"
                    ],
                    "primary": {
                        "id": "rtb-0f9241f00152929dd",
                        "attributes": {
                            "id": "rtb-0f9241f00152929dd",
                            "owner_id": "073014543312",
                            "propagating_vgws.#": "0",
                            "route.#": "0",
                            "tags.%": "1",
                            "tags.Name": "rt",
                            "vpc_id": "vpc-09a32a42e019560f1"
                        },
                        "meta": {},
                        "tainted": false
                    },
                    "deposed": [],
                    "provider": "provider.aws"
                },
                "aws_vpc.lab_nta": {
                    "type": "aws_vpc",
                    "depends_on": [],
                    "primary": {
                        "id": "vpc-09a32a42e019560f1",
                        "attributes": {
                            "arn": "arn:aws:ec2:eu-west-1:073014543312:vpc/vpc-09a32a42e019560f1",
                            "assign_generated_ipv6_cidr_block": "false",
                            "cidr_block": "172.23.0.0/16",
                            "default_network_acl_id": "acl-0bb82b4d553ca82e8",
                            "default_route_table_id": "rtb-0c7f399361bb26f3e",
                            "default_security_group_id": "sg-06fc84c395d50d206",
                            "dhcp_options_id": "dopt-002e1e875ccac47e4",
                            "enable_classiclink": "false",
                            "enable_classiclink_dns_support": "false",
                            "enable_dns_hostnames": "false",
                            "enable_dns_support": "true",
                            "id": "vpc-09a32a42e019560f1",
                            "instance_tenancy": "default",
                            "ipv6_association_id": "",
                            "ipv6_cidr_block": "",
                            "main_route_table_id": "rtb-0c7f399361bb26f3e",
                            "owner_id": "073014543312",
                            "tags.%": "1",
                            "tags.Name": "vpc"
                        },
                        "meta": {
                            "schema_version": "1"
                        },
                        "tainted": false
                    },
                    "deposed": [],
                    "provider": "provider.aws"
                },
                "local_file.myfile": {
                    "type": "local_file",
                    "depends_on": [],
                    "primary": {
                        "id": "70114073bbfb1e3da5dd008b272b141d0802d81b",
                        "attributes": {
                            "content": "hello Nico !",
                            "filename": "/media/nta/124GB/AWS/test_terraform/monfic.txt",
                            "id": "70114073bbfb1e3da5dd008b272b141d0802d81b"
                        },
                        "meta": {},
                        "tainted": false
                    },
                    "deposed": [],
                    "provider": "provider.local"
                }
            },
            "depends_on": []
        }
    ]
}
