{
    "version": 3,
    "terraform_version": "0.11.14",
    "serial": 9,
    "lineage": "c99da05b-da12-d083-e826-e4f772e6458b",
    "modules": [
        {
            "path": [
                "root"
            ],
            "outputs": {
                "filename": {
                    "sensitive": false,
                    "type": "string",
                    "value": "/media/nta/124GB/AWS/test_terraform/monfic.txt"
                }
            },
            "resources": {
                "aws_internet_gateway.igw": {
                    "type": "aws_internet_gateway",
                    "depends_on": [
                        "aws_vpc.lab_nta"
                    ],
                    "primary": {
                        "id": "igw-0e1c59683c1c5c6f8",
                        "attributes": {
                            "id": "igw-0e1c59683c1c5c6f8",
                            "owner_id": "568272935013",
                            "tags.%": "1",
                            "tags.Name": "igw",
                            "vpc_id": "vpc-087a03b28cc535edd"
                        },
                        "meta": {},
                        "tainted": false
                    },
                    "deposed": [],
                    "provider": "provider.aws"
                },
                "aws_main_route_table_association.pub_sbnt1_rt_igw_assoc": {
                    "type": "aws_main_route_table_association",
                    "depends_on": [
                        "aws_route_table.pub_sbnt1_rt",
                        "aws_vpc.lab_nta"
                    ],
                    "primary": {
                        "id": "rtbassoc-0d3a76c4e51dd3e79",
                        "attributes": {
                            "id": "rtbassoc-0d3a76c4e51dd3e79",
                            "original_route_table_id": "rtb-0a1924c36de03e78b",
                            "route_table_id": "rtb-09b3640a44f6d5ff3",
                            "vpc_id": "vpc-087a03b28cc535edd"
                        },
                        "meta": {},
                        "tainted": false
                    },
                    "deposed": [],
                    "provider": "provider.aws"
                },
                "aws_route.pub_sbnt1_rt_igw": {
                    "type": "aws_route",
                    "depends_on": [
                        "aws_internet_gateway.igw",
                        "aws_route_table.pub_sbnt1_rt"
                    ],
                    "primary": {
                        "id": "r-rtb-09b3640a44f6d5ff31080289494",
                        "attributes": {
                            "destination_cidr_block": "0.0.0.0/0",
                            "destination_prefix_list_id": "",
                            "egress_only_gateway_id": "",
                            "gateway_id": "igw-0e1c59683c1c5c6f8",
                            "id": "r-rtb-09b3640a44f6d5ff31080289494",
                            "instance_id": "",
                            "instance_owner_id": "",
                            "nat_gateway_id": "",
                            "network_interface_id": "",
                            "origin": "CreateRoute",
                            "route_table_id": "rtb-09b3640a44f6d5ff3",
                            "state": "active",
                            "transit_gateway_id": "",
                            "vpc_peering_connection_id": ""
                        },
                        "meta": {
                            "e2bfb730-ecaa-11e6-8f88-34363bc7c4c0": {
                                "create": 120000000000,
                                "delete": 300000000000
                            }
                        },
                        "tainted": false
                    },
                    "deposed": [],
                    "provider": "provider.aws"
                },
                "aws_route_table.pub_sbnt1_rt": {
                    "type": "aws_route_table",
                    "depends_on": [
                        "aws_vpc.lab_nta"
                    ],
                    "primary": {
                        "id": "rtb-09b3640a44f6d5ff3",
                        "attributes": {
                            "id": "rtb-09b3640a44f6d5ff3",
                            "owner_id": "568272935013",
                            "propagating_vgws.#": "0",
                            "route.#": "0",
                            "tags.%": "1",
                            "tags.Name": "rt",
                            "vpc_id": "vpc-087a03b28cc535edd"
                        },
                        "meta": {},
                        "tainted": false
                    },
                    "deposed": [],
                    "provider": "provider.aws"
                },
                "aws_route_table_association.a": {
                    "type": "aws_route_table_association",
                    "depends_on": [
                        "aws_route_table.pub_sbnt1_rt",
                        "aws_subnet.pub_sbnt1"
                    ],
                    "primary": {
                        "id": "rtbassoc-05705d4d02799ef68",
                        "attributes": {
                            "id": "rtbassoc-05705d4d02799ef68",
                            "route_table_id": "rtb-09b3640a44f6d5ff3",
                            "subnet_id": "subnet-0d3635bdea7ea9b34"
                        },
                        "meta": {},
                        "tainted": false
                    },
                    "deposed": [],
                    "provider": "provider.aws"
                },
                "aws_subnet.pub_sbnt1": {
                    "type": "aws_subnet",
                    "depends_on": [
                        "aws_vpc.lab_nta"
                    ],
                    "primary": {
                        "id": "subnet-0d3635bdea7ea9b34",
                        "attributes": {
                            "arn": "arn:aws:ec2:eu-west-1:568272935013:subnet/subnet-0d3635bdea7ea9b34",
                            "assign_ipv6_address_on_creation": "false",
                            "availability_zone": "eu-west-1c",
                            "availability_zone_id": "euw1-az3",
                            "cidr_block": "172.23.2.0/24",
                            "id": "subnet-0d3635bdea7ea9b34",
                            "ipv6_cidr_block": "",
                            "ipv6_cidr_block_association_id": "",
                            "map_public_ip_on_launch": "false",
                            "owner_id": "568272935013",
                            "tags.%": "1",
                            "tags.Name": "pub",
                            "vpc_id": "vpc-087a03b28cc535edd"
                        },
                        "meta": {
                            "e2bfb730-ecaa-11e6-8f88-34363bc7c4c0": {
                                "create": 600000000000,
                                "delete": 600000000000
                            },
                            "schema_version": "1"
                        },
                        "tainted": false
                    },
                    "deposed": [],
                    "provider": "provider.aws"
                },
                "aws_vpc.lab_nta": {
                    "type": "aws_vpc",
                    "depends_on": [],
                    "primary": {
                        "id": "vpc-087a03b28cc535edd",
                        "attributes": {
                            "arn": "arn:aws:ec2:eu-west-1:568272935013:vpc/vpc-087a03b28cc535edd",
                            "assign_generated_ipv6_cidr_block": "false",
                            "cidr_block": "172.23.0.0/16",
                            "default_network_acl_id": "acl-04e43e9763e3e6287",
                            "default_route_table_id": "rtb-0a1924c36de03e78b",
                            "default_security_group_id": "sg-02196e8a1773500dc",
                            "dhcp_options_id": "dopt-031321f7e2675a5b0",
                            "enable_classiclink": "false",
                            "enable_classiclink_dns_support": "false",
                            "enable_dns_hostnames": "false",
                            "enable_dns_support": "true",
                            "id": "vpc-087a03b28cc535edd",
                            "instance_tenancy": "default",
                            "ipv6_association_id": "",
                            "ipv6_cidr_block": "",
                            "main_route_table_id": "rtb-0a1924c36de03e78b",
                            "owner_id": "568272935013",
                            "tags.%": "1",
                            "tags.Name": "vpc"
                        },
                        "meta": {
                            "schema_version": "1"
                        },
                        "tainted": false
                    },
                    "deposed": [],
                    "provider": "provider.aws"
                },
                "local_file.myfile": {
                    "type": "local_file",
                    "depends_on": [],
                    "primary": {
                        "id": "70114073bbfb1e3da5dd008b272b141d0802d81b",
                        "attributes": {
                            "content": "hello Nico !",
                            "filename": "/media/nta/124GB/AWS/test_terraform/monfic.txt",
                            "id": "70114073bbfb1e3da5dd008b272b141d0802d81b"
                        },
                        "meta": {},
                        "tainted": false
                    },
                    "deposed": [],
                    "provider": "provider.local"
                }
            },
            "depends_on": []
        }
    ]
}
